
Microsoft Visual Studio Solution File, Format Version 12.00
# Visual Studio Version 17
VisualStudioVersion = 17.4.33213.308
MinimumVisualStudioVersion = 10.0.40219.1
Project("{FAE04EC0-301F-11D3-BF4B-00C04F79EFBC}") = "LogicQuestianAnswers", "LogicQuestianAnswers\LogicQuestianAnswers.csproj", "{C904C069-862D-42AF-BEED-E967AD40AA65}"
EndProject
Global
	GlobalSection(SolutionConfigurationPlatforms) = preSolution
		Debug|Any CPU = Debug|Any CPU
		Release|Any CPU = Release|Any CPU
	EndGlobalSection
	GlobalSection(ProjectConfigurationPlatforms) = postSolution
		{C904C069-862D-42AF-BEED-E967AD40AA65}.Debug|Any CPU.ActiveCfg = Debug|Any CPU
		{C904C069-862D-42AF-BEED-E967AD40AA65}.Debug|Any CPU.Build.0 = Debug|Any CPU
		{C904C069-862D-42AF-BEED-E967AD40AA65}.Release|Any CPU.ActiveCfg = Release|Any CPU
		{C904C069-862D-42AF-BEED-E967AD40AA65}.Release|Any CPU.Build.0 = Release|Any CPU
	EndGlobalSection
	GlobalSection(SolutionProperties) = preSolution
		HideSolutionNode = FALSE
	EndGlobalSection
	GlobalSection(ExtensibilityGlobals) = postSolution
		SolutionGuid = {F4DC33C3-5894-4B31-AE03-0D4A54C4B006}
	EndGlobalSection
EndGlobal
